
Microsoft Visual Studio Solution File, Format Version 12.00
# Visual Studio Version 17
VisualStudioVersion = 17.4.33403.182
MinimumVisualStudioVersion = 10.0.40219.1
Project("{9A19103F-16F7-4668-BE54-9A1E7A4F7556}") = "Challenge.Tests", "Challenge.Tests.csproj", "{20B5B882-7F5E-492D-92C6-231C0B075232}"
EndProject
Global
	GlobalSection(SolutionConfigurationPlatforms) = preSolution
		Debug|Any CPU = Debug|Any CPU
		Release|Any CPU = Release|Any CPU
	EndGlobalSection
	GlobalSection(ProjectConfigurationPlatforms) = postSolution
		{20B5B882-7F5E-492D-92C6-231C0B075232}.Debug|Any CPU.ActiveCfg = Debug|Any CPU
		{20B5B882-7F5E-492D-92C6-231C0B075232}.Debug|Any CPU.Build.0 = Debug|Any CPU
		{20B5B882-7F5E-492D-92C6-231C0B075232}.Release|Any CPU.ActiveCfg = Release|Any CPU
		{20B5B882-7F5E-492D-92C6-231C0B075232}.Release|Any CPU.Build.0 = Release|Any CPU
	EndGlobalSection
	GlobalSection(SolutionProperties) = preSolution
		HideSolutionNode = FALSE
	EndGlobalSection
	GlobalSection(ExtensibilityGlobals) = postSolution
		SolutionGuid = {1EE7525E-EC61-4663-9424-304422B97CB5}
	EndGlobalSection
EndGlobal
